{
  "name": "localizations",
  "version": "1.0.0",
  "lockfileVersion": 3,
  "requires": true,
  "packages": {
    "": {
      "name": "localizations",
      "version": "1.0.0",
      "dependencies": {
        "@swc-node/register": "^1.10.9",
        "@swc/core": "^1.7.6",
        "@types/node": "^22.1.0",
        "chalk": "^5.3.0",
        "cmd-ts": "^0.13.0",
        "typescript": "^5.5.4",
        "xlsx": "https://cdn.sheetjs.com/xlsx-0.20.3/xlsx-0.20.3.tgz"
      }
    },
    "node_modules/@emnapi/core": {
      "version": "1.4.5",
      "resolved": "https://registry.npmjs.org/@emnapi/core/-/core-1.4.5.tgz",
      "integrity": "sha512-XsLw1dEOpkSX/WucdqUhPWP7hDxSvZiY+fsUC14h+FtQ2Ifni4znbBt8punRX+Uj2JG/uDb8nEHVKvrVlvdZ5Q==",
      "license": "MIT",
      "optional": true,
      "dependencies": {
        "@emnapi/wasi-threads": "1.0.4",
        "tslib": "^2.4.0"
      }
    },
    "node_modules/@emnapi/runtime": {
      "version": "1.4.5",
      "resolved": "https://registry.npmjs.org/@emnapi/runtime/-/runtime-1.4.5.tgz",
      "integrity": "sha512-++LApOtY0pEEz1zrd9vy1/zXVaVJJ/EbAF3u0fXIzPJEDtnITsBGbbK0EkM72amhl/R5b+5xx0Y/QhcVOpuulg==",
      "license": "MIT",
      "optional": true,
      "dependencies": {
        "tslib": "^2.4.0"
      }
    },
    "node_modules/@emnapi/wasi-threads": {
      "version": "1.0.4",
      "resolved": "https://registry.npmjs.org/@emnapi/wasi-threads/-/wasi-threads-1.0.4.tgz",
      "integrity": "sha512-PJR+bOmMOPH8AtcTGAyYNiuJ3/Fcoj2XN/gBEWzDIKh254XO+mM9XoXHk5GNEhodxeMznbg7BlRojVbKN+gC6g==",
      "license": "MIT",
      "optional": true,
      "dependencies": {
        "tslib": "^2.4.0"
      }
    },
    "node_modules/@napi-rs/wasm-runtime": {
      "version": "1.0.3",
      "resolved": "https://registry.npmjs.org/@napi-rs/wasm-runtime/-/wasm-runtime-1.0.3.tgz",
      "integrity": "sha512-rZxtMsLwjdXkMUGC3WwsPwLNVqVqnTJT6MNIB6e+5fhMcSCPP0AOsNWuMQ5mdCq6HNjs/ZeWAEchpqeprqBD2Q==",
      "license": "MIT",
      "optional": true,
      "dependencies": {
        "@emnapi/core": "^1.4.5",
        "@emnapi/runtime": "^1.4.5",
        "@tybys/wasm-util": "^0.10.0"
      }
    },
    "node_modules/@oxc-resolver/binding-android-arm-eabi": {
      "version": "11.6.1",
      "resolved": "https://registry.npmjs.org/@oxc-resolver/binding-android-arm-eabi/-/binding-android-arm-eabi-11.6.1.tgz",
      "integrity": "sha512-Ma/kg29QJX1Jzelv0Q/j2iFuUad1WnjgPjpThvjqPjpOyLjCUaiFCCnshhmWjyS51Ki1Iol3fjf1qAzObf8GIA==",
      "cpu": [
        "arm"
      ],
      "license": "MIT",
      "optional": true,
      "os": [
        "android"
      ]
    },
    "node_modules/@oxc-resolver/binding-android-arm64": {
      "version": "11.6.1",
      "resolved": "https://registry.npmjs.org/@oxc-resolver/binding-android-arm64/-/binding-android-arm64-11.6.1.tgz",
      "integrity": "sha512-xjL/FKKc5p8JkFWiH7pJWSzsewif3fRf1rw2qiRxRvq1uIa6l7Zoa14Zq2TNWEsqDjdeOrlJtfWiPNRnevK0oQ==",
      "cpu": [
        "arm64"
      ],
      "license": "MIT",
      "optional": true,
      "os": [
        "android"
      ]
    },
    "node_modules/@oxc-resolver/binding-darwin-arm64": {
      "version": "11.6.1",
      "resolved": "https://registry.npmjs.org/@oxc-resolver/binding-darwin-arm64/-/binding-darwin-arm64-11.6.1.tgz",
      "integrity": "sha512-u0yrJ3NHE0zyCjiYpIyz4Vmov21MA0yFKbhHgixDU/G6R6nvC8ZpuSFql3+7C8ttAK9p8WpqOGweepfcilH5Bw==",
      "cpu": [
        "arm64"
      ],
      "license": "MIT",
      "optional": true,
      "os": [
        "darwin"
      ]
    },
    "node_modules/@oxc-resolver/binding-darwin-x64": {
      "version": "11.6.1",
      "resolved": "https://registry.npmjs.org/@oxc-resolver/binding-darwin-x64/-/binding-darwin-x64-11.6.1.tgz",
      "integrity": "sha512-2lox165h1EhzxcC8edUy0znXC/hnAbUPaMpYKVlzLpB2AoYmgU4/pmofFApj+axm2FXpNamjcppld8EoHo06rw==",
      "cpu": [
        "x64"
      ],
      "license": "MIT",
      "optional": true,
      "os": [
        "darwin"
      ]
    },
    "node_modules/@oxc-resolver/binding-freebsd-x64": {
      "version": "11.6.1",
      "resolved": "https://registry.npmjs.org/@oxc-resolver/binding-freebsd-x64/-/binding-freebsd-x64-11.6.1.tgz",
      "integrity": "sha512-F45MhEQ7QbHfsvZtVNuA/9obu3il7QhpXYmCMfxn7Zt9nfAOw4pQ8hlS5DroHVp3rW35u9F7x0sixk/QEAi3qQ==",
      "cpu": [
        "x64"
      ],
      "license": "MIT",
      "optional": true,
      "os": [
        "freebsd"
      ]
    },
    "node_modules/@oxc-resolver/binding-linux-arm-gnueabihf": {
      "version": "11.6.1",
      "resolved": "https://registry.npmjs.org/@oxc-resolver/binding-linux-arm-gnueabihf/-/binding-linux-arm-gnueabihf-11.6.1.tgz",
      "integrity": "sha512-r+3+MTTl0tD4NoWbfTIItAxJvuyIU7V0fwPDXrv7Uj64vZ3OYaiyV+lVaeU89Bk/FUUQxeUpWBwdKNKHjyRNQw==",
      "cpu": [
        "arm"
      ],
      "license": "MIT",
      "optional": true,
      "os": [
        "linux"
      ]
    },
    "node_modules/@oxc-resolver/binding-linux-arm-musleabihf": {
      "version": "11.6.1",
      "resolved": "https://registry.npmjs.org/@oxc-resolver/binding-linux-arm-musleabihf/-/binding-linux-arm-musleabihf-11.6.1.tgz",
      "integrity": "sha512-TBTZ63otsWZ72Z8ZNK2JVS0HW1w9zgOixJTFDNrYPUUW1pXGa28KAjQ1yGawj242WLAdu3lwdNIWtkxeO2BLxQ==",
      "cpu": [
        "arm"
      ],
      "license": "MIT",
      "optional": true,
      "os": [
        "linux"
      ]
    },
    "node_modules/@oxc-resolver/binding-linux-arm64-gnu": {
      "version": "11.6.1",
      "resolved": "https://registry.npmjs.org/@oxc-resolver/binding-linux-arm64-gnu/-/binding-linux-arm64-gnu-11.6.1.tgz",
      "integrity": "sha512-SjwhNynjSG2yMdyA0f7wz7Yvo3ppejO+ET7n2oiI7ApCXrwxMzeRWjBzQt+oVWr2HzVOfaEcDS9rMtnR83ulig==",
      "cpu": [
        "arm64"
      ],
      "license": "MIT",
      "optional": true,
      "os": [
        "linux"
      ]
    },
    "node_modules/@oxc-resolver/binding-linux-arm64-musl": {
      "version": "11.6.1",
      "resolved": "https://registry.npmjs.org/@oxc-resolver/binding-linux-arm64-musl/-/binding-linux-arm64-musl-11.6.1.tgz",
      "integrity": "sha512-f4EMidK6rosInBzPMnJ0Ri4RttFCvvLNUNDFUBtELW/MFkBwPTDlvbsmW0u0Mk/ruBQ2WmRfOZ6tT62kWMcX2Q==",
      "cpu": [
        "arm64"
      ],
      "license": "MIT",
      "optional": true,
      "os": [
        "linux"
      ]
    },
    "node_modules/@oxc-resolver/binding-linux-ppc64-gnu": {
      "version": "11.6.1",
      "resolved": "https://registry.npmjs.org/@oxc-resolver/binding-linux-ppc64-gnu/-/binding-linux-ppc64-gnu-11.6.1.tgz",
      "integrity": "sha512-1umENVKeUsrWnf5IlF/6SM7DCv8G6CoKI2LnYR6qhZuLYDPS4PBZ0Jow3UDV9Rtbv5KRPcA3/uXjI88ntWIcOQ==",
      "cpu": [
        "ppc64"
      ],
      "license": "MIT",
      "optional": true,
      "os": [
        "linux"
      ]
    },
    "node_modules/@oxc-resolver/binding-linux-riscv64-gnu": {
      "version": "11.6.1",
      "resolved": "https://registry.npmjs.org/@oxc-resolver/binding-linux-riscv64-gnu/-/binding-linux-riscv64-gnu-11.6.1.tgz",
      "integrity": "sha512-Hjyp1FRdJhsEpIxsZq5VcDuFc8abC0Bgy8DWEa31trCKoTz7JqA7x3E2dkFbrAKsEFmZZ0NvuG5Ip3oIRARhow==",
      "cpu": [
        "riscv64"
      ],
      "license": "MIT",
      "optional": true,
      "os": [
        "linux"
      ]
    },
    "node_modules/@oxc-resolver/binding-linux-riscv64-musl": {
      "version": "11.6.1",
      "resolved": "https://registry.npmjs.org/@oxc-resolver/binding-linux-riscv64-musl/-/binding-linux-riscv64-musl-11.6.1.tgz",
      "integrity": "sha512-ODJOJng6f3QxpAXhLel3kyWs8rPsJeo9XIZHzA7p//e+5kLMDU7bTVk4eZnUHuxsqsB8MEvPCicJkKCEuur5Ag==",
      "cpu": [
        "riscv64"
      ],
      "license": "MIT",
      "optional": true,
      "os": [
        "linux"
      ]
    },
    "node_modules/@oxc-resolver/binding-linux-s390x-gnu": {
      "version": "11.6.1",
      "resolved": "https://registry.npmjs.org/@oxc-resolver/binding-linux-s390x-gnu/-/binding-linux-s390x-gnu-11.6.1.tgz",
      "integrity": "sha512-hCzRiLhqe1ZOpHTsTGKp7gnMJRORlbCthawBueer2u22RVAka74pV/+4pP1tqM07mSlQn7VATuWaDw9gCl+cVg==",
      "cpu": [
        "s390x"
      ],
      "license": "MIT",
      "optional": true,
      "os": [
        "linux"
      ]
    },
    "node_modules/@oxc-resolver/binding-linux-x64-gnu": {
      "version": "11.6.1",
      "resolved": "https://registry.npmjs.org/@oxc-resolver/binding-linux-x64-gnu/-/binding-linux-x64-gnu-11.6.1.tgz",
      "integrity": "sha512-JansPD8ftOzMYIC3NfXJ68tt63LEcIAx44Blx6BAd7eY880KX7A0KN3hluCrelCz5aQkPaD95g8HBiJmKaEi2w==",
      "cpu": [
        "x64"
      ],
      "license": "MIT",
      "optional": true,
      "os": [
        "linux"
      ]
    },
    "node_modules/@oxc-resolver/binding-linux-x64-musl": {
      "version": "11.6.1",
      "resolved": "https://registry.npmjs.org/@oxc-resolver/binding-linux-x64-musl/-/binding-linux-x64-musl-11.6.1.tgz",
      "integrity": "sha512-R78ES1rd4z2x5NrFPtSWb/ViR1B8wdl+QN2X8DdtoYcqZE/4tvWtn9ZTCXMEzUp23tchJ2wUB+p6hXoonkyLpA==",
      "cpu": [
        "x64"
      ],
      "license": "MIT",
      "optional": true,
      "os": [
        "linux"
      ]
    },
    "node_modules/@oxc-resolver/binding-wasm32-wasi": {
      "version": "11.6.1",
      "resolved": "https://registry.npmjs.org/@oxc-resolver/binding-wasm32-wasi/-/binding-wasm32-wasi-11.6.1.tgz",
      "integrity": "sha512-qAR3tYIf3afkij/XYunZtlz3OH2Y4ni10etmCFIJB5VRGsqJyI6Hl+2dXHHGJNwbwjXjSEH/KWJBpVroF3TxBw==",
      "cpu": [
        "wasm32"
      ],
      "license": "MIT",
      "optional": true,
      "dependencies": {
        "@napi-rs/wasm-runtime": "^1.0.1"
      },
      "engines": {
        "node": ">=14.0.0"
      }
    },
    "node_modules/@oxc-resolver/binding-win32-arm64-msvc": {
      "version": "11.6.1",
      "resolved": "https://registry.npmjs.org/@oxc-resolver/binding-win32-arm64-msvc/-/binding-win32-arm64-msvc-11.6.1.tgz",
      "integrity": "sha512-QqygWygIuemGkaBA48POOTeinbVvlamqh6ucm8arGDGz/mB5O00gXWxed12/uVrYEjeqbMkla/CuL3fjL3EKvw==",
      "cpu": [
        "arm64"
      ],
      "license": "MIT",
      "optional": true,
      "os": [
        "win32"
      ]
    },
    "node_modules/@oxc-resolver/binding-win32-ia32-msvc": {
      "version": "11.6.1",
      "resolved": "https://registry.npmjs.org/@oxc-resolver/binding-win32-ia32-msvc/-/binding-win32-ia32-msvc-11.6.1.tgz",
      "integrity": "sha512-N2+kkWwt/bk0JTCxhPuK8t8JMp3nd0n2OhwOkU8KO4a7roAJEa4K1SZVjMv5CqUIr5sx2CxtXRBoFDiORX5oBg==",
      "cpu": [
        "ia32"
      ],
      "license": "MIT",
      "optional": true,
      "os": [
        "win32"
      ]
    },
    "node_modules/@oxc-resolver/binding-win32-x64-msvc": {
      "version": "11.6.1",
      "resolved": "https://registry.npmjs.org/@oxc-resolver/binding-win32-x64-msvc/-/binding-win32-x64-msvc-11.6.1.tgz",
      "integrity": "sha512-DfMg3cU9bJUbN62Prbp4fGCtLgexuwyEaQGtZAp8xmi1Ii26uflOGx0FJkFTF6lVMSFoIRFvIL8gsw5/ZdHrMw==",
      "cpu": [
        "x64"
      ],
      "license": "MIT",
      "optional": true,
      "os": [
        "win32"
      ]
    },
    "node_modules/@swc-node/core": {
      "version": "1.14.1",
      "resolved": "https://registry.npmjs.org/@swc-node/core/-/core-1.14.1.tgz",
      "integrity": "sha512-jrt5GUaZUU6cmMS+WTJEvGvaB6j1YNKPHPzC2PUi2BjaFbtxURHj6641Az6xN7b665hNniAIdvjxWcRml5yCnw==",
      "license": "MIT",
      "engines": {
        "node": ">= 10"
      },
      "funding": {
        "type": "github",
        "url": "https://github.com/sponsors/Brooooooklyn"
      },
      "peerDependencies": {
        "@swc/core": ">= 1.13.3",
        "@swc/types": ">= 0.1"
      }
    },
    "node_modules/@swc-node/register": {
      "version": "1.11.1",
      "resolved": "https://registry.npmjs.org/@swc-node/register/-/register-1.11.1.tgz",
      "integrity": "sha512-VQ0hJ5jX31TVv/fhZx4xJRzd8pwn6VvzYd2tGOHHr2TfXGCBixZoqdPDXTiEoJLCTS2MmvBf6zyQZZ0M8aGQCQ==",
      "license": "MIT",
      "dependencies": {
        "@swc-node/core": "^1.14.1",
        "@swc-node/sourcemap-support": "^0.6.1",
        "colorette": "^2.0.20",
        "debug": "^4.4.1",
        "oxc-resolver": "^11.6.1",
        "pirates": "^4.0.7",
        "tslib": "^2.8.1"
      },
      "funding": {
        "type": "github",
        "url": "https://github.com/sponsors/Brooooooklyn"
      },
      "peerDependencies": {
        "@swc/core": ">= 1.4.13",
        "typescript": ">= 4.3"
      }
    },
    "node_modules/@swc-node/sourcemap-support": {
      "version": "0.6.1",
      "resolved": "https://registry.npmjs.org/@swc-node/sourcemap-support/-/sourcemap-support-0.6.1.tgz",
      "integrity": "sha512-ovltDVH5QpdHXZkW138vG4+dgcNsxfwxHVoV6BtmTbz2KKl1A8ZSlbdtxzzfNjCjbpayda8Us9eMtcHobm38dA==",
      "license": "MIT",
      "dependencies": {
        "source-map-support": "^0.5.21",
        "tslib": "^2.8.1"
      }
    },
    "node_modules/@swc/core": {
      "version": "1.13.3",
      "resolved": "https://registry.npmjs.org/@swc/core/-/core-1.13.3.tgz",
      "integrity": "sha512-ZaDETVWnm6FE0fc+c2UE8MHYVS3Fe91o5vkmGfgwGXFbxYvAjKSqxM/j4cRc9T7VZNSJjriXq58XkfCp3Y6f+w==",
      "hasInstallScript": true,
      "license": "Apache-2.0",
      "dependencies": {
        "@swc/counter": "^0.1.3",
        "@swc/types": "^0.1.23"
      },
      "engines": {
        "node": ">=10"
      },
      "funding": {
        "type": "opencollective",
        "url": "https://opencollective.com/swc"
      },
      "optionalDependencies": {
        "@swc/core-darwin-arm64": "1.13.3",
        "@swc/core-darwin-x64": "1.13.3",
        "@swc/core-linux-arm-gnueabihf": "1.13.3",
        "@swc/core-linux-arm64-gnu": "1.13.3",
        "@swc/core-linux-arm64-musl": "1.13.3",
        "@swc/core-linux-x64-gnu": "1.13.3",
        "@swc/core-linux-x64-musl": "1.13.3",
        "@swc/core-win32-arm64-msvc": "1.13.3",
        "@swc/core-win32-ia32-msvc": "1.13.3",
        "@swc/core-win32-x64-msvc": "1.13.3"
      },
      "peerDependencies": {
        "@swc/helpers": ">=0.5.17"
      },
      "peerDependenciesMeta": {
        "@swc/helpers": {
          "optional": true
        }
      }
    },
    "node_modules/@swc/core-darwin-arm64": {
      "version": "1.13.3",
      "resolved": "https://registry.npmjs.org/@swc/core-darwin-arm64/-/core-darwin-arm64-1.13.3.tgz",
      "integrity": "sha512-ux0Ws4pSpBTqbDS9GlVP354MekB1DwYlbxXU3VhnDr4GBcCOimpocx62x7cFJkSpEBF8bmX8+/TTCGKh4PbyXw==",
      "cpu": [
        "arm64"
      ],
      "license": "Apache-2.0 AND MIT",
      "optional": true,
      "os": [
        "darwin"
      ],
      "engines": {
        "node": ">=10"
      }
    },
    "node_modules/@swc/core-darwin-x64": {
      "version": "1.13.3",
      "resolved": "https://registry.npmjs.org/@swc/core-darwin-x64/-/core-darwin-x64-1.13.3.tgz",
      "integrity": "sha512-p0X6yhxmNUOMZrbeZ3ZNsPige8lSlSe1llllXvpCLkKKxN/k5vZt1sULoq6Nj4eQ7KeHQVm81/+AwKZyf/e0TA==",
      "cpu": [
        "x64"
      ],
      "license": "Apache-2.0 AND MIT",
      "optional": true,
      "os": [
        "darwin"
      ],
      "engines": {
        "node": ">=10"
      }
    },
    "node_modules/@swc/core-linux-arm-gnueabihf": {
      "version": "1.13.3",
      "resolved": "https://registry.npmjs.org/@swc/core-linux-arm-gnueabihf/-/core-linux-arm-gnueabihf-1.13.3.tgz",
      "integrity": "sha512-OmDoiexL2fVWvQTCtoh0xHMyEkZweQAlh4dRyvl8ugqIPEVARSYtaj55TBMUJIP44mSUOJ5tytjzhn2KFxFcBA==",
      "cpu": [
        "arm"
      ],
      "license": "Apache-2.0",
      "optional": true,
      "os": [
        "linux"
      ],
      "engines": {
        "node": ">=10"
      }
    },
    "node_modules/@swc/core-linux-arm64-gnu": {
      "version": "1.13.3",
      "resolved": "https://registry.npmjs.org/@swc/core-linux-arm64-gnu/-/core-linux-arm64-gnu-1.13.3.tgz",
      "integrity": "sha512-STfKku3QfnuUj6k3g9ld4vwhtgCGYIFQmsGPPgT9MK/dI3Lwnpe5Gs5t1inoUIoGNP8sIOLlBB4HV4MmBjQuhw==",
      "cpu": [
        "arm64"
      ],
      "license": "Apache-2.0 AND MIT",
      "optional": true,
      "os": [
        "linux"
      ],
      "engines": {
        "node": ">=10"
      }
    },
    "node_modules/@swc/core-linux-arm64-musl": {
      "version": "1.13.3",
      "resolved": "https://registry.npmjs.org/@swc/core-linux-arm64-musl/-/core-linux-arm64-musl-1.13.3.tgz",
      "integrity": "sha512-bc+CXYlFc1t8pv9yZJGus372ldzOVscBl7encUBlU1m/Sig0+NDJLz6cXXRcFyl6ABNOApWeR4Yl7iUWx6C8og==",
      "cpu": [
        "arm64"
      ],
      "license": "Apache-2.0 AND MIT",
      "optional": true,
      "os": [
        "linux"
      ],
      "engines": {
        "node": ">=10"
      }
    },
    "node_modules/@swc/core-linux-x64-gnu": {
      "version": "1.13.3",
      "resolved": "https://registry.npmjs.org/@swc/core-linux-x64-gnu/-/core-linux-x64-gnu-1.13.3.tgz",
      "integrity": "sha512-dFXoa0TEhohrKcxn/54YKs1iwNeW6tUkHJgXW33H381SvjKFUV53WR231jh1sWVJETjA3vsAwxKwR23s7UCmUA==",
      "cpu": [
        "x64"
      ],
      "license": "Apache-2.0 AND MIT",
      "optional": true,
      "os": [
        "linux"
      ],
      "engines": {
        "node": ">=10"
      }
    },
    "node_modules/@swc/core-linux-x64-musl": {
      "version": "1.13.3",
      "resolved": "https://registry.npmjs.org/@swc/core-linux-x64-musl/-/core-linux-x64-musl-1.13.3.tgz",
      "integrity": "sha512-ieyjisLB+ldexiE/yD8uomaZuZIbTc8tjquYln9Quh5ykOBY7LpJJYBWvWtm1g3pHv6AXlBI8Jay7Fffb6aLfA==",
      "cpu": [
        "x64"
      ],
      "license": "Apache-2.0 AND MIT",
      "optional": true,
      "os": [
        "linux"
      ],
      "engines": {
        "node": ">=10"
      }
    },
    "node_modules/@swc/core-win32-arm64-msvc": {
      "version": "1.13.3",
      "resolved": "https://registry.npmjs.org/@swc/core-win32-arm64-msvc/-/core-win32-arm64-msvc-1.13.3.tgz",
      "integrity": "sha512-elTQpnaX5vESSbhCEgcwXjpMsnUbqqHfEpB7ewpkAsLzKEXZaK67ihSRYAuAx6ewRQTo7DS5iTT6X5aQD3MzMw==",
      "cpu": [
        "arm64"
      ],
      "license": "Apache-2.0 AND MIT",
      "optional": true,
      "os": [
        "win32"
      ],
      "engines": {
        "node": ">=10"
      }
    },
    "node_modules/@swc/core-win32-ia32-msvc": {
      "version": "1.13.3",
      "resolved": "https://registry.npmjs.org/@swc/core-win32-ia32-msvc/-/core-win32-ia32-msvc-1.13.3.tgz",
      "integrity": "sha512-nvehQVEOdI1BleJpuUgPLrclJ0TzbEMc+MarXDmmiRFwEUGqj+pnfkTSb7RZyS1puU74IXdK/YhTirHurtbI9w==",
      "cpu": [
        "ia32"
      ],
      "license": "Apache-2.0 AND MIT",
      "optional": true,
      "os": [
        "win32"
      ],
      "engines": {
        "node": ">=10"
      }
    },
    "node_modules/@swc/core-win32-x64-msvc": {
      "version": "1.13.3",
      "resolved": "https://registry.npmjs.org/@swc/core-win32-x64-msvc/-/core-win32-x64-msvc-1.13.3.tgz",
      "integrity": "sha512-A+JSKGkRbPLVV2Kwx8TaDAV0yXIXm/gc8m98hSkVDGlPBBmydgzNdWy3X7HTUBM7IDk7YlWE7w2+RUGjdgpTmg==",
      "cpu": [
        "x64"
      ],
      "license": "Apache-2.0 AND MIT",
      "optional": true,
      "os": [
        "win32"
      ],
      "engines": {
        "node": ">=10"
      }
    },
    "node_modules/@swc/counter": {
      "version": "0.1.3",
      "resolved": "https://registry.npmjs.org/@swc/counter/-/counter-0.1.3.tgz",
      "integrity": "sha512-e2BR4lsJkkRlKZ/qCHPw9ZaSxc0MVUd7gtbtaB7aMvHeJVYe8sOB8DBZkP2DtISHGSku9sCK6T6cnY0CtXrOCQ=="
    },
    "node_modules/@swc/types": {
      "version": "0.1.23",
      "resolved": "https://registry.npmjs.org/@swc/types/-/types-0.1.23.tgz",
      "integrity": "sha512-u1iIVZV9Q0jxY+yM2vw/hZGDNudsN85bBpTqzAQ9rzkxW9D+e3aEM4Han+ow518gSewkXgjmEK0BD79ZcNVgPw==",
      "license": "Apache-2.0",
      "dependencies": {
        "@swc/counter": "^0.1.3"
      }
    },
    "node_modules/@tybys/wasm-util": {
      "version": "0.10.0",
      "resolved": "https://registry.npmjs.org/@tybys/wasm-util/-/wasm-util-0.10.0.tgz",
      "integrity": "sha512-VyyPYFlOMNylG45GoAe0xDoLwWuowvf92F9kySqzYh8vmYm7D2u4iUJKa1tOUpS70Ku13ASrOkS4ScXFsTaCNQ==",
      "license": "MIT",
      "optional": true,
      "dependencies": {
        "tslib": "^2.4.0"
      }
    },
    "node_modules/@types/node": {
      "version": "22.17.2",
      "resolved": "https://registry.npmjs.org/@types/node/-/node-22.17.2.tgz",
      "integrity": "sha512-gL6z5N9Jm9mhY+U2KXZpteb+09zyffliRkZyZOHODGATyC5B1Jt/7TzuuiLkFsSUMLbS1OLmlj/E+/3KF4Q/4w==",
      "license": "MIT",
      "dependencies": {
        "undici-types": "~6.21.0"
      }
    },
    "node_modules/ansi-regex": {
      "version": "5.0.1",
      "resolved": "https://registry.npmjs.org/ansi-regex/-/ansi-regex-5.0.1.tgz",
      "integrity": "sha512-quJQXlTSUGL2LH9SUXo8VwsY4soanhgo6LNSm84E1LBcE8s3O0wpdiRzyR9z/ZZJMlMWv37qOOb9pdJlMUEKFQ==",
      "engines": {
        "node": ">=8"
      }
    },
    "node_modules/ansi-styles": {
      "version": "4.3.0",
      "resolved": "https://registry.npmjs.org/ansi-styles/-/ansi-styles-4.3.0.tgz",
      "integrity": "sha512-zbB9rCJAT1rbjiVDb2hqKFHNYLxgtk8NURxZ3IZwD3F6NtxbXZQCnnSi1Lkx+IDohdPlFp222wVALIheZJQSEg==",
      "dependencies": {
        "color-convert": "^2.0.1"
      },
      "engines": {
        "node": ">=8"
      },
      "funding": {
        "url": "https://github.com/chalk/ansi-styles?sponsor=1"
      }
    },
    "node_modules/buffer-from": {
      "version": "1.1.2",
      "resolved": "https://registry.npmjs.org/buffer-from/-/buffer-from-1.1.2.tgz",
      "integrity": "sha512-E+XQCRwSbaaiChtv6k6Dwgc+bx+Bs6vuKJHHl5kox/BaKbhiXzqQOwK4cO22yElGp2OCmjwVhT3HmxgyPGnJfQ=="
    },
    "node_modules/chalk": {
      "version": "5.6.0",
      "resolved": "https://registry.npmjs.org/chalk/-/chalk-5.6.0.tgz",
      "integrity": "sha512-46QrSQFyVSEyYAgQ22hQ+zDa60YHA4fBstHmtSApj1Y5vKtG27fWowW03jCk5KcbXEWPZUIR894aARCA/G1kfQ==",
      "license": "MIT",
      "engines": {
        "node": "^12.17.0 || ^14.13 || >=16.0.0"
      },
      "funding": {
        "url": "https://github.com/chalk/chalk?sponsor=1"
      }
    },
    "node_modules/cmd-ts": {
      "version": "0.13.0",
      "resolved": "https://registry.npmjs.org/cmd-ts/-/cmd-ts-0.13.0.tgz",
      "integrity": "sha512-nsnxf6wNIM/JAS7T/x/1JmbEsjH0a8tezXqqpaL0O6+eV0/aDEnRxwjxpu0VzDdRcaC1ixGSbRlUuf/IU59I4g==",
      "dependencies": {
        "chalk": "^4.0.0",
        "debug": "^4.3.4",
        "didyoumean": "^1.2.2",
        "strip-ansi": "^6.0.0"
      }
    },
    "node_modules/cmd-ts/node_modules/chalk": {
      "version": "4.1.2",
      "resolved": "https://registry.npmjs.org/chalk/-/chalk-4.1.2.tgz",
      "integrity": "sha512-oKnbhFyRIXpUuez8iBMmyEa4nbj4IOQyuhc/wy9kY7/WVPcwIO9VA668Pu8RkO7+0G76SLROeyw9CpQ061i4mA==",
      "dependencies": {
        "ansi-styles": "^4.1.0",
        "supports-color": "^7.1.0"
      },
      "engines": {
        "node": ">=10"
      },
      "funding": {
        "url": "https://github.com/chalk/chalk?sponsor=1"
      }
    },
    "node_modules/color-convert": {
      "version": "2.0.1",
      "resolved": "https://registry.npmjs.org/color-convert/-/color-convert-2.0.1.tgz",
      "integrity": "sha512-RRECPsj7iu/xb5oKYcsFHSppFNnsj/52OVTRKb4zP5onXwVF3zVmmToNcOfGC+CRDpfK/U584fMg38ZHCaElKQ==",
      "dependencies": {
        "color-name": "~1.1.4"
      },
      "engines": {
        "node": ">=7.0.0"
      }
    },
    "node_modules/color-name": {
      "version": "1.1.4",
      "resolved": "https://registry.npmjs.org/color-name/-/color-name-1.1.4.tgz",
      "integrity": "sha512-dOy+3AuW3a2wNbZHIuMZpTcgjGuLU/uBL/ubcZF9OXbDo8ff4O8yVp5Bf0efS8uEoYo5q4Fx7dY9OgQGXgAsQA=="
    },
    "node_modules/colorette": {
      "version": "2.0.20",
      "resolved": "https://registry.npmjs.org/colorette/-/colorette-2.0.20.tgz",
      "integrity": "sha512-IfEDxwoWIjkeXL1eXcDiow4UbKjhLdq6/EuSVR9GMN7KVH3r9gQ83e73hsz1Nd1T3ijd5xv1wcWRYO+D6kCI2w=="
    },
    "node_modules/debug": {
      "version": "4.4.1",
      "resolved": "https://registry.npmjs.org/debug/-/debug-4.4.1.tgz",
      "integrity": "sha512-KcKCqiftBJcZr++7ykoDIEwSa3XWowTfNPo92BYxjXiyYEVrUQh2aLyhxBCwww+heortUFxEJYcRzosstTEBYQ==",
      "license": "MIT",
      "dependencies": {
        "ms": "^2.1.3"
      },
      "engines": {
        "node": ">=6.0"
      },
      "peerDependenciesMeta": {
        "supports-color": {
          "optional": true
        }
      }
    },
    "node_modules/didyoumean": {
      "version": "1.2.2",
      "resolved": "https://registry.npmjs.org/didyoumean/-/didyoumean-1.2.2.tgz",
      "integrity": "sha512-gxtyfqMg7GKyhQmb056K7M3xszy/myH8w+B4RT+QXBQsvAOdc3XymqDDPHx1BgPgsdAA5SIifona89YtRATDzw=="
    },
    "node_modules/has-flag": {
      "version": "4.0.0",
      "resolved": "https://registry.npmjs.org/has-flag/-/has-flag-4.0.0.tgz",
      "integrity": "sha512-EykJT/Q1KjTWctppgIAgfSO0tKVuZUjhgMr17kqTumMl6Afv3EISleU7qZUzoXDFTAHTDC4NOoG/ZxU3EvlMPQ==",
      "engines": {
        "node": ">=8"
      }
    },
    "node_modules/ms": {
      "version": "2.1.3",
      "resolved": "https://registry.npmjs.org/ms/-/ms-2.1.3.tgz",
      "integrity": "sha512-6FlzubTLZG3J2a/NVCAleEhjzq5oxgHyaCU9yYXvcLsvoVaHJq/s5xXI6/XXP6tz7R9xAOtHnSO/tXtF3WRTlA==",
      "license": "MIT"
    },
    "node_modules/napi-postinstall": {
      "version": "0.3.3",
      "resolved": "https://registry.npmjs.org/napi-postinstall/-/napi-postinstall-0.3.3.tgz",
      "integrity": "sha512-uTp172LLXSxuSYHv/kou+f6KW3SMppU9ivthaVTXian9sOt3XM/zHYHpRZiLgQoxeWfYUnslNWQHF1+G71xcow==",
      "license": "MIT",
      "bin": {
        "napi-postinstall": "lib/cli.js"
      },
      "engines": {
        "node": "^12.20.0 || ^14.18.0 || >=16.0.0"
      },
      "funding": {
        "url": "https://opencollective.com/napi-postinstall"
      }
    },
    "node_modules/oxc-resolver": {
      "version": "11.6.1",
      "resolved": "https://registry.npmjs.org/oxc-resolver/-/oxc-resolver-11.6.1.tgz",
      "integrity": "sha512-WQgmxevT4cM5MZ9ioQnEwJiHpPzbvntV5nInGAKo9NQZzegcOonHvcVcnkYqld7bTG35UFHEKeF7VwwsmA3cZg==",
      "hasInstallScript": true,
      "license": "MIT",
      "dependencies": {
        "napi-postinstall": "^0.3.0"
      },
      "funding": {
        "url": "https://github.com/sponsors/Boshen"
      },
      "optionalDependencies": {
        "@oxc-resolver/binding-android-arm-eabi": "11.6.1",
        "@oxc-resolver/binding-android-arm64": "11.6.1",
        "@oxc-resolver/binding-darwin-arm64": "11.6.1",
        "@oxc-resolver/binding-darwin-x64": "11.6.1",
        "@oxc-resolver/binding-freebsd-x64": "11.6.1",
        "@oxc-resolver/binding-linux-arm-gnueabihf": "11.6.1",
        "@oxc-resolver/binding-linux-arm-musleabihf": "11.6.1",
        "@oxc-resolver/binding-linux-arm64-gnu": "11.6.1",
        "@oxc-resolver/binding-linux-arm64-musl": "11.6.1",
        "@oxc-resolver/binding-linux-ppc64-gnu": "11.6.1",
        "@oxc-resolver/binding-linux-riscv64-gnu": "11.6.1",
        "@oxc-resolver/binding-linux-riscv64-musl": "11.6.1",
        "@oxc-resolver/binding-linux-s390x-gnu": "11.6.1",
        "@oxc-resolver/binding-linux-x64-gnu": "11.6.1",
        "@oxc-resolver/binding-linux-x64-musl": "11.6.1",
        "@oxc-resolver/binding-wasm32-wasi": "11.6.1",
        "@oxc-resolver/binding-win32-arm64-msvc": "11.6.1",
        "@oxc-resolver/binding-win32-ia32-msvc": "11.6.1",
        "@oxc-resolver/binding-win32-x64-msvc": "11.6.1"
      }
    },
    "node_modules/pirates": {
      "version": "4.0.7",
      "resolved": "https://registry.npmjs.org/pirates/-/pirates-4.0.7.tgz",
      "integrity": "sha512-TfySrs/5nm8fQJDcBDuUng3VOUKsd7S+zqvbOTiGXHfxX4wK31ard+hoNuvkicM/2YFzlpDgABOevKSsB4G/FA==",
      "license": "MIT",
      "engines": {
        "node": ">= 6"
      }
    },
    "node_modules/source-map": {
      "version": "0.6.1",
      "resolved": "https://registry.npmjs.org/source-map/-/source-map-0.6.1.tgz",
      "integrity": "sha512-UjgapumWlbMhkBgzT7Ykc5YXUT46F0iKu8SGXq0bcwP5dz/h0Plj6enJqjz1Zbq2l5WaqYnrVbwWOWMyF3F47g==",
      "engines": {
        "node": ">=0.10.0"
      }
    },
    "node_modules/source-map-support": {
      "version": "0.5.21",
      "resolved": "https://registry.npmjs.org/source-map-support/-/source-map-support-0.5.21.tgz",
      "integrity": "sha512-uBHU3L3czsIyYXKX88fdrGovxdSCoTGDRZ6SYXtSRxLZUzHg5P/66Ht6uoUlHu9EZod+inXhKo3qQgwXUT/y1w==",
      "dependencies": {
        "buffer-from": "^1.0.0",
        "source-map": "^0.6.0"
      }
    },
    "node_modules/strip-ansi": {
      "version": "6.0.1",
      "resolved": "https://registry.npmjs.org/strip-ansi/-/strip-ansi-6.0.1.tgz",
      "integrity": "sha512-Y38VPSHcqkFrCpFnQ9vuSXmquuv5oXOKpGeT6aGrr3o3Gc9AlVa6JBfUSOCnbxGGZF+/0ooI7KrPuUSztUdU5A==",
      "dependencies": {
        "ansi-regex": "^5.0.1"
      },
      "engines": {
        "node": ">=8"
      }
    },
    "node_modules/supports-color": {
      "version": "7.2.0",
      "resolved": "https://registry.npmjs.org/supports-color/-/supports-color-7.2.0.tgz",
      "integrity": "sha512-qpCAvRl9stuOHveKsn7HncJRvv501qIacKzQlO/+Lwxc9+0q2wLyv4Dfvt80/DPn2pqOBsJdDiogXGR9+OvwRw==",
      "dependencies": {
        "has-flag": "^4.0.0"
      },
      "engines": {
        "node": ">=8"
      }
    },
    "node_modules/tslib": {
      "version": "2.8.1",
      "resolved": "https://registry.npmjs.org/tslib/-/tslib-2.8.1.tgz",
      "integrity": "sha512-oJFu94HQb+KVduSUQL7wnpmqnfmLsOA/nAh6b6EH0wCEoK0/mPeXU6c3wKDV83MkOuHPRHtSXKKU99IBazS/2w==",
      "license": "0BSD"
    },
    "node_modules/typescript": {
      "version": "5.9.2",
      "resolved": "https://registry.npmjs.org/typescript/-/typescript-5.9.2.tgz",
      "integrity": "sha512-CWBzXQrc/qOkhidw1OzBTQuYRbfyxDXJMVJ1XNwUHGROVmuaeiEm3OslpZ1RV96d7SKKjZKrSJu3+t/xlw3R9A==",
      "license": "Apache-2.0",
      "bin": {
        "tsc": "bin/tsc",
        "tsserver": "bin/tsserver"
      },
      "engines": {
        "node": ">=14.17"
      }
    },
    "node_modules/undici-types": {
      "version": "6.21.0",
      "resolved": "https://registry.npmjs.org/undici-types/-/undici-types-6.21.0.tgz",
      "integrity": "sha512-iwDZqg0QAGrg9Rav5H4n0M64c3mkR59cJ6wQp+7C4nI0gsmExaedaYLNO44eT4AtBBwjbTiGPMlt2Md0T9H9JQ==",
      "license": "MIT"
    },
    "node_modules/xlsx": {
      "version": "0.20.3",
      "resolved": "https://cdn.sheetjs.com/xlsx-0.20.3/xlsx-0.20.3.tgz",
      "integrity": "sha512-oLDq3jw7AcLqKWH2AhCpVTZl8mf6X2YReP+Neh0SJUzV/BdZYjth94tG5toiMB1PPrYtxOCfaoUCkvtuH+3AJA==",
      "bin": {
        "xlsx": "bin/xlsx.njs"
      },
      "engines": {
        "node": ">=0.8"
      }
    }
  }
}
